
Microsoft Visual Studio Solution File, Format Version 12.00
# Visual Studio 15
VisualStudioVersion = 15.0.28010.2036
MinimumVisualStudioVersion = 10.0.40219.1
Project("{FAE04EC0-301F-11D3-BF4B-00C04F79EFBC}") = "NoSQL", "NoSQL\NoSQL.csproj", "{5507064B-7589-4A21-887F-59E568C012CF}"
EndProject
Global
	GlobalSection(SolutionConfigurationPlatforms) = preSolution
		Debug|Any CPU = Debug|Any CPU
		Release|Any CPU = Release|Any CPU
	EndGlobalSection
	GlobalSection(ProjectConfigurationPlatforms) = postSolution
		{5507064B-7589-4A21-887F-59E568C012CF}.Debug|Any CPU.ActiveCfg = Debug|Any CPU
		{5507064B-7589-4A21-887F-59E568C012CF}.Debug|Any CPU.Build.0 = Debug|Any CPU
		{5507064B-7589-4A21-887F-59E568C012CF}.Release|Any CPU.ActiveCfg = Release|Any CPU
		{5507064B-7589-4A21-887F-59E568C012CF}.Release|Any CPU.Build.0 = Release|Any CPU
	EndGlobalSection
	GlobalSection(SolutionProperties) = preSolution
		HideSolutionNode = FALSE
	EndGlobalSection
	GlobalSection(ExtensibilityGlobals) = postSolution
		SolutionGuid = {08AC5A45-63E6-4AC7-8A75-46F2D8054751}
	EndGlobalSection
EndGlobal
